
Microsoft Visual Studio Solution File, Format Version 12.00
# Visual Studio 2012
Project("{FAE04EC0-301F-11D3-BF4B-00C04F79EFBC}") = "PanoramaApp3", "PanoramaApp3.csproj", "{DC64A927-FE78-4C82-A47D-7C5724E77C02}"
EndProject
Project("{2150E333-8FDC-42A3-9474-1A3956D46DE8}") = "Solution Items", "Solution Items", "{5D1BBF06-64F4-4A93-8B94-0E24D0F5CC80}"
EndProject
Global
	GlobalSection(SubversionScc) = preSolution
		Svn-Managed = True
		Manager = AnkhSVN - Subversion Support for Visual Studio
	EndGlobalSection
	GlobalSection(SolutionConfigurationPlatforms) = preSolution
		Debug|Any CPU = Debug|Any CPU
		Debug|ARM = Debug|ARM
		Debug|x86 = Debug|x86
		Release|Any CPU = Release|Any CPU
		Release|ARM = Release|ARM
		Release|x86 = Release|x86
	EndGlobalSection
	GlobalSection(ProjectConfigurationPlatforms) = postSolution
		{DC64A927-FE78-4C82-A47D-7C5724E77C02}.Debug|Any CPU.ActiveCfg = Debug|Any CPU
		{DC64A927-FE78-4C82-A47D-7C5724E77C02}.Debug|Any CPU.Build.0 = Debug|Any CPU
		{DC64A927-FE78-4C82-A47D-7C5724E77C02}.Debug|Any CPU.Deploy.0 = Debug|Any CPU
		{DC64A927-FE78-4C82-A47D-7C5724E77C02}.Debug|ARM.ActiveCfg = Debug|Any CPU
		{DC64A927-FE78-4C82-A47D-7C5724E77C02}.Debug|x86.ActiveCfg = Debug|Any CPU
		{DC64A927-FE78-4C82-A47D-7C5724E77C02}.Release|Any CPU.ActiveCfg = Release|Any CPU
		{DC64A927-FE78-4C82-A47D-7C5724E77C02}.Release|Any CPU.Build.0 = Release|Any CPU
		{DC64A927-FE78-4C82-A47D-7C5724E77C02}.Release|Any CPU.Deploy.0 = Release|Any CPU
		{DC64A927-FE78-4C82-A47D-7C5724E77C02}.Release|ARM.ActiveCfg = Release|Any CPU
		{DC64A927-FE78-4C82-A47D-7C5724E77C02}.Release|x86.ActiveCfg = Release|Any CPU
	EndGlobalSection
	GlobalSection(SolutionProperties) = preSolution
		HideSolutionNode = FALSE
	EndGlobalSection
	GlobalSection(NestedProjects) = preSolution
		{DC64A927-FE78-4C82-A47D-7C5724E77C02} = {5D1BBF06-64F4-4A93-8B94-0E24D0F5CC80}
	EndGlobalSection
EndGlobal
